github.com/c4pt0r/log v0.0.0-20211004143616-aa6380016a47 h1:I7bb8MbleLvoW6scHXngCQaroNa9slYTaYOaQEsv2TQ=
github.com/c4pt0r/log v0.0.0-20211004143616-aa6380016a47/go.mod h1:N78ACK7UQq5KjTLWQPw2A7UuzX712vN9akunb8ydlck=
github.com/davecgh/go-spew v1.1.1 h1:vj9j/u1bqnvCEfJOwUhtlOARqs3+rkHYY13jYWTU97c=
github.com/gomarkdown/markdown v0.0.0-20221013030248-663e2500819c h1:iyaGYbCmcYK0Ja9a3OUa2Fo+EaN0cbLu0eKpBwPFzc8=
github.com/gomarkdown/markdown v0.0.0-20221013030248-663e2500819c/go.mod h1:JDGcbDT52eL4fju3sZ4TeHGsQwhG9nbDV21aMyhwPoA=
github.com/mattn/go-sqlite3 v1.14.16 h1:yOQRA0RpS5PFz/oikGwBEqvAWhWg5ufRz4ETLjwpU1Y=
github.com/mattn/go-sqlite3 v1.14.16/go.mod h1:2eHXhiwb8IkHr+BDWZGa96P6+rkvnG63S2DGjv9HUNg=
github.com/pmezard/go-difflib v1.0.0 h1:4DBwDE0NGyQoBHbLQYPwSUPoCMWR5BEzIk/f1lZbAQM=
github.com/stretchr/testify v1.8.1 h1:w7B6lhMri9wdJUVmEZPGGhZzrYTPvgJArz7wNPgYKsk=
github.com/ybbus/jsonrpc/v3 v3.1.4 h1:pPmgfWXnqR2GdIlealyCzmV6LV3nxm3w9gwA1B3cP3Y=
github.com/ybbus/jsonrpc/v3 v3.1.4/go.mod h1:4HQTl0UzErqWGa6bSXhp8rIjifMAMa55E4D5wdhe768=
gopkg.in/yaml.v3 v3.0.1 h1:fxVm/GzAzEWqLHuvctI91KS9hhNmmWOoWu0XTYJS7CA=
